
Microsoft Visual Studio Solution File, Format Version 12.00
# Visual Studio 15
VisualStudioVersion = 15.0.28010.2048
MinimumVisualStudioVersion = 10.0.40219.1
Project("{FAE04EC0-301F-11D3-BF4B-00C04F79EFBC}") = "JmmJ.ToDo.Core", "JmmJ.ToDo.Core\JmmJ.ToDo.Core.csproj", "{B84AE5C3-EA2A-4309-9F27-8E2C83A6C4D3}"
EndProject
Project("{FAE04EC0-301F-11D3-BF4B-00C04F79EFBC}") = "JmmJ.ToDo.Service", "JmmJ.ToDo.Service\JmmJ.ToDo.Service.csproj", "{1A75D90D-DC98-4D8D-99AF-BEA9CF660E97}"
EndProject
Project("{FAE04EC0-301F-11D3-BF4B-00C04F79EFBC}") = "JmmJ.ToDo.Api", "JmmJ.ToDo.Api\JmmJ.ToDo.Api.csproj", "{ADCA159C-7B1E-48CB-9A6A-1A0105E8C89B}"
EndProject
Project("{FAE04EC0-301F-11D3-BF4B-00C04F79EFBC}") = "JmmJ.ToDo.Client", "JmmJ.ToDo.Client\JmmJ.ToDo.Client.csproj", "{151B1ECD-C6E7-4CB4-9194-16D85835B3ED}"
EndProject
Global
	GlobalSection(SolutionConfigurationPlatforms) = preSolution
		Debug|Any CPU = Debug|Any CPU
		Release|Any CPU = Release|Any CPU
	EndGlobalSection
	GlobalSection(ProjectConfigurationPlatforms) = postSolution
		{B84AE5C3-EA2A-4309-9F27-8E2C83A6C4D3}.Debug|Any CPU.ActiveCfg = Debug|Any CPU
		{B84AE5C3-EA2A-4309-9F27-8E2C83A6C4D3}.Debug|Any CPU.Build.0 = Debug|Any CPU
		{B84AE5C3-EA2A-4309-9F27-8E2C83A6C4D3}.Release|Any CPU.ActiveCfg = Release|Any CPU
		{B84AE5C3-EA2A-4309-9F27-8E2C83A6C4D3}.Release|Any CPU.Build.0 = Release|Any CPU
		{1A75D90D-DC98-4D8D-99AF-BEA9CF660E97}.Debug|Any CPU.ActiveCfg = Debug|Any CPU
		{1A75D90D-DC98-4D8D-99AF-BEA9CF660E97}.Debug|Any CPU.Build.0 = Debug|Any CPU
		{1A75D90D-DC98-4D8D-99AF-BEA9CF660E97}.Release|Any CPU.ActiveCfg = Release|Any CPU
		{1A75D90D-DC98-4D8D-99AF-BEA9CF660E97}.Release|Any CPU.Build.0 = Release|Any CPU
		{ADCA159C-7B1E-48CB-9A6A-1A0105E8C89B}.Debug|Any CPU.ActiveCfg = Debug|Any CPU
		{ADCA159C-7B1E-48CB-9A6A-1A0105E8C89B}.Debug|Any CPU.Build.0 = Debug|Any CPU
		{ADCA159C-7B1E-48CB-9A6A-1A0105E8C89B}.Release|Any CPU.ActiveCfg = Release|Any CPU
		{ADCA159C-7B1E-48CB-9A6A-1A0105E8C89B}.Release|Any CPU.Build.0 = Release|Any CPU
		{151B1ECD-C6E7-4CB4-9194-16D85835B3ED}.Debug|Any CPU.ActiveCfg = Debug|Any CPU
		{151B1ECD-C6E7-4CB4-9194-16D85835B3ED}.Debug|Any CPU.Build.0 = Debug|Any CPU
		{151B1ECD-C6E7-4CB4-9194-16D85835B3ED}.Release|Any CPU.ActiveCfg = Release|Any CPU
		{151B1ECD-C6E7-4CB4-9194-16D85835B3ED}.Release|Any CPU.Build.0 = Release|Any CPU
	EndGlobalSection
	GlobalSection(SolutionProperties) = preSolution
		HideSolutionNode = FALSE
	EndGlobalSection
	GlobalSection(ExtensibilityGlobals) = postSolution
		SolutionGuid = {96AD1457-3462-4D8E-978B-8AB6BDBC7920}
	EndGlobalSection
EndGlobal
